// !$*UTF8*$!
{
	archiveVersion = 1;
	classes = {
	};
	objectVersion = 56;
	objects = {

/* Begin PBXBuildFile section */
		6F5060462BB29CE600EEF765 /* AppDelegate.swift in Sources */ = {isa = PBXBuildFile; fileRef = 6F5060452BB29CE600EEF765 /* AppDelegate.swift */; };
		6F5060482BB29CE600EEF765 /* SceneDelegate.swift in Sources */ = {isa = PBXBuildFile; fileRef = 6F5060472BB29CE600EEF765 /* SceneDelegate.swift */; };
		6F50604A2BB29CE600EEF765 /* RMTabBarViewController.swift in Sources */ = {isa = PBXBuildFile; fileRef = 6F5060492BB29CE600EEF765 /* RMTabBarViewController.swift */; };
		6F50604F2BB29CE700EEF765 /* Assets.xcassets in Resources */ = {isa = PBXBuildFile; fileRef = 6F50604E2BB29CE700EEF765 /* Assets.xcassets */; };
		6F5060522BB29CE700EEF765 /* Base in Resources */ = {isa = PBXBuildFile; fileRef = 6F5060512BB29CE700EEF765 /* Base */; };
		6F5060612BB29FF100EEF765 /* RMLocation.swift in Sources */ = {isa = PBXBuildFile; fileRef = 6F5060602BB29FF100EEF765 /* RMLocation.swift */; };
		6F5060632BB2A00500EEF765 /* RMCharacter.swift in Sources */ = {isa = PBXBuildFile; fileRef = 6F5060622BB2A00500EEF765 /* RMCharacter.swift */; };
		6F5060652BB2A01A00EEF765 /* RMEpisode.swift in Sources */ = {isa = PBXBuildFile; fileRef = 6F5060642BB2A01A00EEF765 /* RMEpisode.swift */; };
		6F5060682BB2A16400EEF765 /* RMCharacterViewController.swift in Sources */ = {isa = PBXBuildFile; fileRef = 6F5060672BB2A16400EEF765 /* RMCharacterViewController.swift */; };
		6F50606A2BB2A18A00EEF765 /* RMLocationViewController.swift in Sources */ = {isa = PBXBuildFile; fileRef = 6F5060692BB2A18A00EEF765 /* RMLocationViewController.swift */; };
		6F50606C2BB2A1AC00EEF765 /* RMEpisodeViewController.swift in Sources */ = {isa = PBXBuildFile; fileRef = 6F50606B2BB2A1AC00EEF765 /* RMEpisodeViewController.swift */; };
		6F50606E2BB2A1CC00EEF765 /* RMSettingsViewController.swift in Sources */ = {isa = PBXBuildFile; fileRef = 6F50606D2BB2A1CC00EEF765 /* RMSettingsViewController.swift */; };
		6F8C248D2BB3984600C7BC99 /* RMService.swift in Sources */ = {isa = PBXBuildFile; fileRef = 6F8C248C2BB3984600C7BC99 /* RMService.swift */; };
		6F8C248F2BB3988200C7BC99 /* RMRequest.swift in Sources */ = {isa = PBXBuildFile; fileRef = 6F8C248E2BB3988200C7BC99 /* RMRequest.swift */; };
		6F8C24912BB39B2600C7BC99 /* RMEndpoint.swift in Sources */ = {isa = PBXBuildFile; fileRef = 6F8C24902BB39B2600C7BC99 /* RMEndpoint.swift */; };
/* End PBXBuildFile section */

/* Begin PBXFileReference section */
		6F5060422BB29CE600EEF765 /* RickAndMorty.app */ = {isa = PBXFileReference; explicitFileType = wrapper.application; includeInIndex = 0; path = RickAndMorty.app; sourceTree = BUILT_PRODUCTS_DIR; };
		6F5060452BB29CE600EEF765 /* AppDelegate.swift */ = {isa = PBXFileReference; lastKnownFileType = sourcecode.swift; path = AppDelegate.swift; sourceTree = "<group>"; };
		6F5060472BB29CE600EEF765 /* SceneDelegate.swift */ = {isa = PBXFileReference; lastKnownFileType = sourcecode.swift; path = SceneDelegate.swift; sourceTree = "<group>"; };
		6F5060492BB29CE600EEF765 /* RMTabBarViewController.swift */ = {isa = PBXFileReference; lastKnownFileType = sourcecode.swift; path = RMTabBarViewController.swift; sourceTree = "<group>"; };
		6F50604E2BB29CE700EEF765 /* Assets.xcassets */ = {isa = PBXFileReference; lastKnownFileType = folder.assetcatalog; path = Assets.xcassets; sourceTree = "<group>"; };
		6F5060512BB29CE700EEF765 /* Base */ = {isa = PBXFileReference; lastKnownFileType = file.storyboard; name = Base; path = Base.lproj/LaunchScreen.storyboard; sourceTree = "<group>"; };
		6F5060532BB29CE700EEF765 /* Info.plist */ = {isa = PBXFileReference; lastKnownFileType = text.plist.xml; path = Info.plist; sourceTree = "<group>"; };
		6F5060602BB29FF100EEF765 /* RMLocation.swift */ = {isa = PBXFileReference; lastKnownFileType = sourcecode.swift; path = RMLocation.swift; sourceTree = "<group>"; };
		6F5060622BB2A00500EEF765 /* RMCharacter.swift */ = {isa = PBXFileReference; lastKnownFileType = sourcecode.swift; path = RMCharacter.swift; sourceTree = "<group>"; };
		6F5060642BB2A01A00EEF765 /* RMEpisode.swift */ = {isa = PBXFileReference; lastKnownFileType = sourcecode.swift; path = RMEpisode.swift; sourceTree = "<group>"; };
		6F5060672BB2A16400EEF765 /* RMCharacterViewController.swift */ = {isa = PBXFileReference; lastKnownFileType = sourcecode.swift; path = RMCharacterViewController.swift; sourceTree = "<group>"; };
		6F5060692BB2A18A00EEF765 /* RMLocationViewController.swift */ = {isa = PBXFileReference; lastKnownFileType = sourcecode.swift; path = RMLocationViewController.swift; sourceTree = "<group>"; };
		6F50606B2BB2A1AC00EEF765 /* RMEpisodeViewController.swift */ = {isa = PBXFileReference; lastKnownFileType = sourcecode.swift; path = RMEpisodeViewController.swift; sourceTree = "<group>"; };
		6F50606D2BB2A1CC00EEF765 /* RMSettingsViewController.swift */ = {isa = PBXFileReference; lastKnownFileType = sourcecode.swift; path = RMSettingsViewController.swift; sourceTree = "<group>"; };
		6F8C248C2BB3984600C7BC99 /* RMService.swift */ = {isa = PBXFileReference; lastKnownFileType = sourcecode.swift; path = RMService.swift; sourceTree = "<group>"; };
		6F8C248E2BB3988200C7BC99 /* RMRequest.swift */ = {isa = PBXFileReference; lastKnownFileType = sourcecode.swift; path = RMRequest.swift; sourceTree = "<group>"; };
		6F8C24902BB39B2600C7BC99 /* RMEndpoint.swift */ = {isa = PBXFileReference; lastKnownFileType = sourcecode.swift; path = RMEndpoint.swift; sourceTree = "<group>"; };
/* End PBXFileReference section */

/* Begin PBXFrameworksBuildPhase section */
		6F50603F2BB29CE600EEF765 /* Frameworks */ = {
			isa = PBXFrameworksBuildPhase;
			buildActionMask = 2147483647;
			files = (
			);
			runOnlyForDeploymentPostprocessing = 0;
		};
/* End PBXFrameworksBuildPhase section */

/* Begin PBXGroup section */
		6F5060392BB29CE600EEF765 = {
			isa = PBXGroup;
			children = (
				6F5060442BB29CE600EEF765 /* RickAndMorty */,
				6F5060432BB29CE600EEF765 /* Products */,
			);
			sourceTree = "<group>";
		};
		6F5060432BB29CE600EEF765 /* Products */ = {
			isa = PBXGroup;
			children = (
				6F5060422BB29CE600EEF765 /* RickAndMorty.app */,
			);
			name = Products;
			sourceTree = "<group>";
		};
		6F5060442BB29CE600EEF765 /* RickAndMorty */ = {
			isa = PBXGroup;
			children = (
				6F50605F2BB29EDD00EEF765 /* Resources */,
				6F50605E2BB29ECA00EEF765 /* Managers */,
				6F50605D2BB29EA700EEF765 /* APIClient */,
				6F50605C2BB29E8F00EEF765 /* ViewModels */,
				6F50605B2BB29E8700EEF765 /* Views */,
				6F50605A2BB29E7900EEF765 /* Models */,
				6F5060592BB29E5F00EEF765 /* Controllers */,
				6F5060532BB29CE700EEF765 /* Info.plist */,
			);
			path = RickAndMorty;
			sourceTree = "<group>";
		};
		6F5060592BB29E5F00EEF765 /* Controllers */ = {
			isa = PBXGroup;
			children = (
				6F5060662BB2A08E00EEF765 /* Core */,
			);
			path = Controllers;
			sourceTree = "<group>";
		};
		6F50605A2BB29E7900EEF765 /* Models */ = {
			isa = PBXGroup;
			children = (
				6F5060602BB29FF100EEF765 /* RMLocation.swift */,
				6F5060622BB2A00500EEF765 /* RMCharacter.swift */,
				6F5060642BB2A01A00EEF765 /* RMEpisode.swift */,
			);
			path = Models;
			sourceTree = "<group>";
		};
		6F50605B2BB29E8700EEF765 /* Views */ = {
			isa = PBXGroup;
			children = (
			);
			path = Views;
			sourceTree = "<group>";
		};
		6F50605C2BB29E8F00EEF765 /* ViewModels */ = {
			isa = PBXGroup;
			children = (
			);
			path = ViewModels;
			sourceTree = "<group>";
		};
		6F50605D2BB29EA700EEF765 /* APIClient */ = {
			isa = PBXGroup;
			children = (
				6F8C248C2BB3984600C7BC99 /* RMService.swift */,
				6F8C248E2BB3988200C7BC99 /* RMRequest.swift */,
				6F8C24902BB39B2600C7BC99 /* RMEndpoint.swift */,
			);
			path = APIClient;
			sourceTree = "<group>";
		};
		6F50605E2BB29ECA00EEF765 /* Managers */ = {
			isa = PBXGroup;
			children = (
			);
			path = Managers;
			sourceTree = "<group>";
		};
		6F50605F2BB29EDD00EEF765 /* Resources */ = {
			isa = PBXGroup;
			children = (
				6F5060452BB29CE600EEF765 /* AppDelegate.swift */,
				6F5060472BB29CE600EEF765 /* SceneDelegate.swift */,
				6F50604E2BB29CE700EEF765 /* Assets.xcassets */,
				6F5060502BB29CE700EEF765 /* LaunchScreen.storyboard */,
			);
			path = Resources;
			sourceTree = "<group>";
		};
		6F5060662BB2A08E00EEF765 /* Core */ = {
			isa = PBXGroup;
			children = (
				6F5060492BB29CE600EEF765 /* RMTabBarViewController.swift */,
				6F5060672BB2A16400EEF765 /* RMCharacterViewController.swift */,
				6F5060692BB2A18A00EEF765 /* RMLocationViewController.swift */,
				6F50606B2BB2A1AC00EEF765 /* RMEpisodeViewController.swift */,
				6F50606D2BB2A1CC00EEF765 /* RMSettingsViewController.swift */,
			);
			path = Core;
			sourceTree = "<group>";
		};
/* End PBXGroup section */

/* Begin PBXNativeTarget section */
		6F5060412BB29CE600EEF765 /* RickAndMorty */ = {
			isa = PBXNativeTarget;
			buildConfigurationList = 6F5060562BB29CE700EEF765 /* Build configuration list for PBXNativeTarget "RickAndMorty" */;
			buildPhases = (
				6F50603E2BB29CE600EEF765 /* Sources */,
				6F50603F2BB29CE600EEF765 /* Frameworks */,
				6F5060402BB29CE600EEF765 /* Resources */,
			);
			buildRules = (
			);
			dependencies = (
			);
			name = RickAndMorty;
			productName = RickAndMorty;
			productReference = 6F5060422BB29CE600EEF765 /* RickAndMorty.app */;
			productType = "com.apple.product-type.application";
		};
/* End PBXNativeTarget section */

/* Begin PBXProject section */
		6F50603A2BB29CE600EEF765 /* Project object */ = {
			isa = PBXProject;
			attributes = {
				BuildIndependentTargetsInParallel = 1;
				LastSwiftUpdateCheck = 1530;
				LastUpgradeCheck = 1530;
				TargetAttributes = {
					6F5060412BB29CE600EEF765 = {
						CreatedOnToolsVersion = 15.3;
					};
				};
			};
			buildConfigurationList = 6F50603D2BB29CE600EEF765 /* Build configuration list for PBXProject "RickAndMorty" */;
			compatibilityVersion = "Xcode 14.0";
			developmentRegion = en;
			hasScannedForEncodings = 0;
			knownRegions = (
				en,
				Base,
			);
			mainGroup = 6F5060392BB29CE600EEF765;
			productRefGroup = 6F5060432BB29CE600EEF765 /* Products */;
			projectDirPath = "";
			projectRoot = "";
			targets = (
				6F5060412BB29CE600EEF765 /* RickAndMorty */,
			);
		};
/* End PBXProject section */

/* Begin PBXResourcesBuildPhase section */
		6F5060402BB29CE600EEF765 /* Resources */ = {
			isa = PBXResourcesBuildPhase;
			buildActionMask = 2147483647;
			files = (
				6F50604F2BB29CE700EEF765 /* Assets.xcassets in Resources */,
				6F5060522BB29CE700EEF765 /* Base in Resources */,
			);
			runOnlyForDeploymentPostprocessing = 0;
		};
/* End PBXResourcesBuildPhase section */

/* Begin PBXSourcesBuildPhase section */
		6F50603E2BB29CE600EEF765 /* Sources */ = {
			isa = PBXSourcesBuildPhase;
			buildActionMask = 2147483647;
			files = (
				6F50606A2BB2A18A00EEF765 /* RMLocationViewController.swift in Sources */,
				6F5060652BB2A01A00EEF765 /* RMEpisode.swift in Sources */,
				6F50604A2BB29CE600EEF765 /* RMTabBarViewController.swift in Sources */,
				6F50606C2BB2A1AC00EEF765 /* RMEpisodeViewController.swift in Sources */,
				6F5060462BB29CE600EEF765 /* AppDelegate.swift in Sources */,
				6F5060482BB29CE600EEF765 /* SceneDelegate.swift in Sources */,
				6F50606E2BB2A1CC00EEF765 /* RMSettingsViewController.swift in Sources */,
				6F8C248D2BB3984600C7BC99 /* RMService.swift in Sources */,
				6F5060612BB29FF100EEF765 /* RMLocation.swift in Sources */,
				6F8C24912BB39B2600C7BC99 /* RMEndpoint.swift in Sources */,
				6F5060632BB2A00500EEF765 /* RMCharacter.swift in Sources */,
				6F8C248F2BB3988200C7BC99 /* RMRequest.swift in Sources */,
				6F5060682BB2A16400EEF765 /* RMCharacterViewController.swift in Sources */,
			);
			runOnlyForDeploymentPostprocessing = 0;
		};
/* End PBXSourcesBuildPhase section */

/* Begin PBXVariantGroup section */
		6F5060502BB29CE700EEF765 /* LaunchScreen.storyboard */ = {
			isa = PBXVariantGroup;
			children = (
				6F5060512BB29CE700EEF765 /* Base */,
			);
			name = LaunchScreen.storyboard;
			sourceTree = "<group>";
		};
/* End PBXVariantGroup section */

/* Begin XCBuildConfiguration section */
		6F5060542BB29CE700EEF765 /* Debug */ = {
			isa = XCBuildConfiguration;
			buildSettings = {
				ALWAYS_SEARCH_USER_PATHS = NO;
				ASSETCATALOG_COMPILER_GENERATE_SWIFT_ASSET_SYMBOL_EXTENSIONS = YES;
				CLANG_ANALYZER_NONNULL = YES;
				CLANG_ANALYZER_NUMBER_OBJECT_CONVERSION = YES_AGGRESSIVE;
				CLANG_CXX_LANGUAGE_STANDARD = "gnu++20";
				CLANG_ENABLE_MODULES = YES;
				CLANG_ENABLE_OBJC_ARC = YES;
				CLANG_ENABLE_OBJC_WEAK = YES;
				CLANG_WARN_BLOCK_CAPTURE_AUTORELEASING = YES;
				CLANG_WARN_BOOL_CONVERSION = YES;
				CLANG_WARN_COMMA = YES;
				CLANG_WARN_CONSTANT_CONVERSION = YES;
				CLANG_WARN_DEPRECATED_OBJC_IMPLEMENTATIONS = YES;
				CLANG_WARN_DIRECT_OBJC_ISA_USAGE = YES_ERROR;
				CLANG_WARN_DOCUMENTATION_COMMENTS = YES;
				CLANG_WARN_EMPTY_BODY = YES;
				CLANG_WARN_ENUM_CONVERSION = YES;
				CLANG_WARN_INFINITE_RECURSION = YES;
				CLANG_WARN_INT_CONVERSION = YES;
				CLANG_WARN_NON_LITERAL_NULL_CONVERSION = YES;
				CLANG_WARN_OBJC_IMPLICIT_RETAIN_SELF = YES;
				CLANG_WARN_OBJC_LITERAL_CONVERSION = YES;
				CLANG_WARN_OBJC_ROOT_CLASS = YES_ERROR;
				CLANG_WARN_QUOTED_INCLUDE_IN_FRAMEWORK_HEADER = YES;
				CLANG_WARN_RANGE_LOOP_ANALYSIS = YES;
				CLANG_WARN_STRICT_PROTOTYPES = YES;
				CLANG_WARN_SUSPICIOUS_MOVE = YES;
				CLANG_WARN_UNGUARDED_AVAILABILITY = YES_AGGRESSIVE;
				CLANG_WARN_UNREACHABLE_CODE = YES;
				CLANG_WARN__DUPLICATE_METHOD_MATCH = YES;
				COPY_PHASE_STRIP = NO;
				DEBUG_INFORMATION_FORMAT = dwarf;
				ENABLE_STRICT_OBJC_MSGSEND = YES;
				ENABLE_TESTABILITY = YES;
				ENABLE_USER_SCRIPT_SANDBOXING = YES;
				GCC_C_LANGUAGE_STANDARD = gnu17;
				GCC_DYNAMIC_NO_PIC = NO;
				GCC_NO_COMMON_BLOCKS = YES;
				GCC_OPTIMIZATION_LEVEL = 0;
				GCC_PREPROCESSOR_DEFINITIONS = (
					"DEBUG=1",
					"$(inherited)",
				);
				GCC_WARN_64_TO_32_BIT_CONVERSION = YES;
				GCC_WARN_ABOUT_RETURN_TYPE = YES_ERROR;
				GCC_WARN_UNDECLARED_SELECTOR = YES;
				GCC_WARN_UNINITIALIZED_AUTOS = YES_AGGRESSIVE;
				GCC_WARN_UNUSED_FUNCTION = YES;
				GCC_WARN_UNUSED_VARIABLE = YES;
				IPHONEOS_DEPLOYMENT_TARGET = 17.4;
				LOCALIZATION_PREFERS_STRING_CATALOGS = YES;
				MTL_ENABLE_DEBUG_INFO = INCLUDE_SOURCE;
				MTL_FAST_MATH = YES;
				ONLY_ACTIVE_ARCH = YES;
				SDKROOT = iphoneos;
				SWIFT_ACTIVE_COMPILATION_CONDITIONS = "DEBUG $(inherited)";
				SWIFT_OPTIMIZATION_LEVEL = "-Onone";
			};
			name = Debug;
		};
		6F5060552BB29CE700EEF765 /* Release */ = {
			isa = XCBuildConfiguration;
			buildSettings = {
				ALWAYS_SEARCH_USER_PATHS = NO;
				ASSETCATALOG_COMPILER_GENERATE_SWIFT_ASSET_SYMBOL_EXTENSIONS = YES;
				CLANG_ANALYZER_NONNULL = YES;
				CLANG_ANALYZER_NUMBER_OBJECT_CONVERSION = YES_AGGRESSIVE;
				CLANG_CXX_LANGUAGE_STANDARD = "gnu++20";
				CLANG_ENABLE_MODULES = YES;
				CLANG_ENABLE_OBJC_ARC = YES;
				CLANG_ENABLE_OBJC_WEAK = YES;
				CLANG_WARN_BLOCK_CAPTURE_AUTORELEASING = YES;
				CLANG_WARN_BOOL_CONVERSION = YES;
				CLANG_WARN_COMMA = YES;
				CLANG_WARN_CONSTANT_CONVERSION = YES;
				CLANG_WARN_DEPRECATED_OBJC_IMPLEMENTATIONS = YES;
				CLANG_WARN_DIRECT_OBJC_ISA_USAGE = YES_ERROR;
				CLANG_WARN_DOCUMENTATION_COMMENTS = YES;
				CLANG_WARN_EMPTY_BODY = YES;
				CLANG_WARN_ENUM_CONVERSION = YES;
				CLANG_WARN_INFINITE_RECURSION = YES;
				CLANG_WARN_INT_CONVERSION = YES;
				CLANG_WARN_NON_LITERAL_NULL_CONVERSION = YES;
				CLANG_WARN_OBJC_IMPLICIT_RETAIN_SELF = YES;
				CLANG_WARN_OBJC_LITERAL_CONVERSION = YES;
				CLANG_WARN_OBJC_ROOT_CLASS = YES_ERROR;
				CLANG_WARN_QUOTED_INCLUDE_IN_FRAMEWORK_HEADER = YES;
				CLANG_WARN_RANGE_LOOP_ANALYSIS = YES;
				CLANG_WARN_STRICT_PROTOTYPES = YES;
				CLANG_WARN_SUSPICIOUS_MOVE = YES;
				CLANG_WARN_UNGUARDED_AVAILABILITY = YES_AGGRESSIVE;
				CLANG_WARN_UNREACHABLE_CODE = YES;
				CLANG_WARN__DUPLICATE_METHOD_MATCH = YES;
				COPY_PHASE_STRIP = NO;
				DEBUG_INFORMATION_FORMAT = "dwarf-with-dsym";
				ENABLE_NS_ASSERTIONS = NO;
				ENABLE_STRICT_OBJC_MSGSEND = YES;
				ENABLE_USER_SCRIPT_SANDBOXING = YES;
				GCC_C_LANGUAGE_STANDARD = gnu17;
				GCC_NO_COMMON_BLOCKS = YES;
				GCC_WARN_64_TO_32_BIT_CONVERSION = YES;
				GCC_WARN_ABOUT_RETURN_TYPE = YES_ERROR;
				GCC_WARN_UNDECLARED_SELECTOR = YES;
				GCC_WARN_UNINITIALIZED_AUTOS = YES_AGGRESSIVE;
				GCC_WARN_UNUSED_FUNCTION = YES;
				GCC_WARN_UNUSED_VARIABLE = YES;
				IPHONEOS_DEPLOYMENT_TARGET = 17.4;
				LOCALIZATION_PREFERS_STRING_CATALOGS = YES;
				MTL_ENABLE_DEBUG_INFO = NO;
				MTL_FAST_MATH = YES;
				SDKROOT = iphoneos;
				SWIFT_COMPILATION_MODE = wholemodule;
				VALIDATE_PRODUCT = YES;
			};
			name = Release;
		};
		6F5060572BB29CE700EEF765 /* Debug */ = {
			isa = XCBuildConfiguration;
			buildSettings = {
				ASSETCATALOG_COMPILER_APPICON_NAME = AppIcon;
				ASSETCATALOG_COMPILER_GLOBAL_ACCENT_COLOR_NAME = AccentColor;
				CODE_SIGN_STYLE = Automatic;
				CURRENT_PROJECT_VERSION = 1;
				DEVELOPMENT_TEAM = R47YA6WR5Y;
				GENERATE_INFOPLIST_FILE = YES;
				INFOPLIST_FILE = RickAndMorty/Info.plist;
				INFOPLIST_KEY_UIApplicationSupportsIndirectInputEvents = YES;
				INFOPLIST_KEY_UILaunchStoryboardName = LaunchScreen;
				INFOPLIST_KEY_UISupportedInterfaceOrientations_iPad = "UIInterfaceOrientationPortrait UIInterfaceOrientationPortraitUpsideDown UIInterfaceOrientationLandscapeLeft UIInterfaceOrientationLandscapeRight";
				INFOPLIST_KEY_UISupportedInterfaceOrientations_iPhone = "UIInterfaceOrientationPortrait UIInterfaceOrientationLandscapeLeft UIInterfaceOrientationLandscapeRight";
				LD_RUNPATH_SEARCH_PATHS = (
					"$(inherited)",
					"@executable_path/Frameworks",
				);
				MARKETING_VERSION = 1.0;
				PRODUCT_BUNDLE_IDENTIFIER = com.nomikPlanflag.RickAndMorty;
				PRODUCT_NAME = "$(TARGET_NAME)";
				SWIFT_EMIT_LOC_STRINGS = YES;
				SWIFT_VERSION = 5.0;
				TARGETED_DEVICE_FAMILY = "1,2";
			};
			name = Debug;
		};
		6F5060582BB29CE700EEF765 /* Release */ = {
			isa = XCBuildConfiguration;
			buildSettings = {
				ASSETCATALOG_COMPILER_APPICON_NAME = AppIcon;
				ASSETCATALOG_COMPILER_GLOBAL_ACCENT_COLOR_NAME = AccentColor;
				CODE_SIGN_STYLE = Automatic;
				CURRENT_PROJECT_VERSION = 1;
				DEVELOPMENT_TEAM = R47YA6WR5Y;
				GENERATE_INFOPLIST_FILE = YES;
				INFOPLIST_FILE = RickAndMorty/Info.plist;
				INFOPLIST_KEY_UIApplicationSupportsIndirectInputEvents = YES;
				INFOPLIST_KEY_UILaunchStoryboardName = LaunchScreen;
				INFOPLIST_KEY_UISupportedInterfaceOrientations_iPad = "UIInterfaceOrientationPortrait UIInterfaceOrientationPortraitUpsideDown UIInterfaceOrientationLandscapeLeft UIInterfaceOrientationLandscapeRight";
				INFOPLIST_KEY_UISupportedInterfaceOrientations_iPhone = "UIInterfaceOrientationPortrait UIInterfaceOrientationLandscapeLeft UIInterfaceOrientationLandscapeRight";
				LD_RUNPATH_SEARCH_PATHS = (
					"$(inherited)",
					"@executable_path/Frameworks",
				);
				MARKETING_VERSION = 1.0;
				PRODUCT_BUNDLE_IDENTIFIER = com.nomikPlanflag.RickAndMorty;
				PRODUCT_NAME = "$(TARGET_NAME)";
				SWIFT_EMIT_LOC_STRINGS = YES;
				SWIFT_VERSION = 5.0;
				TARGETED_DEVICE_FAMILY = "1,2";
			};
			name = Release;
		};
/* End XCBuildConfiguration section */

/* Begin XCConfigurationList section */
		6F50603D2BB29CE600EEF765 /* Build configuration list for PBXProject "RickAndMorty" */ = {
			isa = XCConfigurationList;
			buildConfigurations = (
				6F5060542BB29CE700EEF765 /* Debug */,
				6F5060552BB29CE700EEF765 /* Release */,
			);
			defaultConfigurationIsVisible = 0;
			defaultConfigurationName = Release;
		};
		6F5060562BB29CE700EEF765 /* Build configuration list for PBXNativeTarget "RickAndMorty" */ = {
			isa = XCConfigurationList;
			buildConfigurations = (
				6F5060572BB29CE700EEF765 /* Debug */,
				6F5060582BB29CE700EEF765 /* Release */,
			);
			defaultConfigurationIsVisible = 0;
			defaultConfigurationName = Release;
		};
/* End XCConfigurationList section */
	};
	rootObject = 6F50603A2BB29CE600EEF765 /* Project object */;
}
